
Microsoft Visual Studio Solution File, Format Version 12.00
# Visual Studio Version 16
VisualStudioVersion = 16.0.30804.86
MinimumVisualStudioVersion = 10.0.40219.1
Project("{FAE04EC0-301F-11D3-BF4B-00C04F79EFBC}") = "Kodlama.ioOdev5", "Kodlama.ioOdev5\Kodlama.ioOdev5.csproj", "{19F72256-F01F-4B05-8676-26B5AB99AC17}"
EndProject
Global
	GlobalSection(SolutionConfigurationPlatforms) = preSolution
		Debug|Any CPU = Debug|Any CPU
		Release|Any CPU = Release|Any CPU
	EndGlobalSection
	GlobalSection(ProjectConfigurationPlatforms) = postSolution
		{19F72256-F01F-4B05-8676-26B5AB99AC17}.Debug|Any CPU.ActiveCfg = Debug|Any CPU
		{19F72256-F01F-4B05-8676-26B5AB99AC17}.Debug|Any CPU.Build.0 = Debug|Any CPU
		{19F72256-F01F-4B05-8676-26B5AB99AC17}.Release|Any CPU.ActiveCfg = Release|Any CPU
		{19F72256-F01F-4B05-8676-26B5AB99AC17}.Release|Any CPU.Build.0 = Release|Any CPU
	EndGlobalSection
	GlobalSection(SolutionProperties) = preSolution
		HideSolutionNode = FALSE
	EndGlobalSection
	GlobalSection(ExtensibilityGlobals) = postSolution
		SolutionGuid = {6AB35DE6-A12B-4A7F-9978-B55E72664A83}
	EndGlobalSection
EndGlobal
